
Microsoft Visual Studio Solution File, Format Version 12.00
# Visual Studio 15
VisualStudioVersion = 15.0.28307.1231
MinimumVisualStudioVersion = 10.0.40219.1
Project("{FAE04EC0-301F-11D3-BF4B-00C04F79EFBC}") = "Grill Arrange Test", "Grill Arrange Test.csproj", "{4EF0A0F3-F64A-4BD2-97EA-9475FC58649F}"
EndProject
Global
	GlobalSection(SolutionConfigurationPlatforms) = preSolution
		Debug|Any CPU = Debug|Any CPU
		Release|Any CPU = Release|Any CPU
	EndGlobalSection
	GlobalSection(ProjectConfigurationPlatforms) = postSolution
		{4EF0A0F3-F64A-4BD2-97EA-9475FC58649F}.Debug|Any CPU.ActiveCfg = Debug|Any CPU
		{4EF0A0F3-F64A-4BD2-97EA-9475FC58649F}.Debug|Any CPU.Build.0 = Debug|Any CPU
		{4EF0A0F3-F64A-4BD2-97EA-9475FC58649F}.Release|Any CPU.ActiveCfg = Release|Any CPU
		{4EF0A0F3-F64A-4BD2-97EA-9475FC58649F}.Release|Any CPU.Build.0 = Release|Any CPU
	EndGlobalSection
	GlobalSection(SolutionProperties) = preSolution
		HideSolutionNode = FALSE
	EndGlobalSection
	GlobalSection(ExtensibilityGlobals) = postSolution
		SolutionGuid = {D5B4020A-201F-4AA1-976C-0B350159C200}
	EndGlobalSection
EndGlobal
